
Microsoft Visual Studio Solution File, Format Version 12.00
# Visual Studio Version 16
VisualStudioVersion = 16.0.28803.352
MinimumVisualStudioVersion = 10.0.40219.1
Project("{FAE04EC0-301F-11D3-BF4B-00C04F79EFBC}") = "DddInPractice.Logic", "DddInPractice.Logic\DddInPractice.Logic.csproj", "{BA47EE30-378B-4D9D-B89D-EE39E30A70D8}"
EndProject
Project("{9A19103F-16F7-4668-BE54-9A1E7A4F7556}") = "DddPracticeXunitTests", "DddPracticeXunitTests\DddPracticeXunitTests.csproj", "{41F2A204-BDA8-409B-813B-3FC8077DFD1F}"
EndProject
Global
	GlobalSection(SolutionConfigurationPlatforms) = preSolution
		Debug|Any CPU = Debug|Any CPU
		Release|Any CPU = Release|Any CPU
	EndGlobalSection
	GlobalSection(ProjectConfigurationPlatforms) = postSolution
		{BA47EE30-378B-4D9D-B89D-EE39E30A70D8}.Debug|Any CPU.ActiveCfg = Debug|Any CPU
		{BA47EE30-378B-4D9D-B89D-EE39E30A70D8}.Debug|Any CPU.Build.0 = Debug|Any CPU
		{BA47EE30-378B-4D9D-B89D-EE39E30A70D8}.Release|Any CPU.ActiveCfg = Release|Any CPU
		{BA47EE30-378B-4D9D-B89D-EE39E30A70D8}.Release|Any CPU.Build.0 = Release|Any CPU
		{41F2A204-BDA8-409B-813B-3FC8077DFD1F}.Debug|Any CPU.ActiveCfg = Debug|Any CPU
		{41F2A204-BDA8-409B-813B-3FC8077DFD1F}.Debug|Any CPU.Build.0 = Debug|Any CPU
		{41F2A204-BDA8-409B-813B-3FC8077DFD1F}.Release|Any CPU.ActiveCfg = Release|Any CPU
		{41F2A204-BDA8-409B-813B-3FC8077DFD1F}.Release|Any CPU.Build.0 = Release|Any CPU
	EndGlobalSection
	GlobalSection(SolutionProperties) = preSolution
		HideSolutionNode = FALSE
	EndGlobalSection
	GlobalSection(ExtensibilityGlobals) = postSolution
		SolutionGuid = {1F5B5BEC-A33A-4CC4-AF2E-D108C54A953B}
	EndGlobalSection
EndGlobal
